// !$*UTF8*$!
{
	archiveVersion = 1;
	classes = {
	};
	objectVersion = 46;
	objects = {

/* Begin PBXBuildFile section */
		DE918BB51F96F99D007652C3 /* Constants.swift in Sources */ = {isa = PBXBuildFile; fileRef = DE918BB41F96F99D007652C3 /* Constants.swift */; };
		DE918BB71F96FD8A007652C3 /* CurrentWeather.swift in Sources */ = {isa = PBXBuildFile; fileRef = DE918BB61F96FD8A007652C3 /* CurrentWeather.swift */; };
		DEBE4C641F8F808B00FF9C4E /* AppDelegate.swift in Sources */ = {isa = PBXBuildFile; fileRef = DEBE4C631F8F808B00FF9C4E /* AppDelegate.swift */; };
		DEBE4C661F8F808B00FF9C4E /* WeatherVC.swift in Sources */ = {isa = PBXBuildFile; fileRef = DEBE4C651F8F808B00FF9C4E /* WeatherVC.swift */; };
		DEBE4C691F8F808B00FF9C4E /* Main.storyboard in Resources */ = {isa = PBXBuildFile; fileRef = DEBE4C671F8F808B00FF9C4E /* Main.storyboard */; };
		DEBE4C6B1F8F808B00FF9C4E /* Assets.xcassets in Resources */ = {isa = PBXBuildFile; fileRef = DEBE4C6A1F8F808B00FF9C4E /* Assets.xcassets */; };
		DEBE4C6E1F8F808B00FF9C4E /* LaunchScreen.storyboard in Resources */ = {isa = PBXBuildFile; fileRef = DEBE4C6C1F8F808B00FF9C4E /* LaunchScreen.storyboard */; };
/* End PBXBuildFile section */

/* Begin PBXFileReference section */
		DE918BB41F96F99D007652C3 /* Constants.swift */ = {isa = PBXFileReference; fileEncoding = 4; lastKnownFileType = sourcecode.swift; path = Constants.swift; sourceTree = "<group>"; };
		DE918BB61F96FD8A007652C3 /* CurrentWeather.swift */ = {isa = PBXFileReference; fileEncoding = 4; lastKnownFileType = sourcecode.swift; path = CurrentWeather.swift; sourceTree = "<group>"; };
		DEBE4C601F8F808B00FF9C4E /* Shinycloudy.app */ = {isa = PBXFileReference; explicitFileType = wrapper.application; includeInIndex = 0; path = Shinycloudy.app; sourceTree = BUILT_PRODUCTS_DIR; };
		DEBE4C631F8F808B00FF9C4E /* AppDelegate.swift */ = {isa = PBXFileReference; lastKnownFileType = sourcecode.swift; path = AppDelegate.swift; sourceTree = "<group>"; };
		DEBE4C651F8F808B00FF9C4E /* WeatherVC.swift */ = {isa = PBXFileReference; lastKnownFileType = sourcecode.swift; path = WeatherVC.swift; sourceTree = "<group>"; };
		DEBE4C681F8F808B00FF9C4E /* Base */ = {isa = PBXFileReference; lastKnownFileType = file.storyboard; name = Base; path = Base.lproj/Main.storyboard; sourceTree = "<group>"; };
		DEBE4C6A1F8F808B00FF9C4E /* Assets.xcassets */ = {isa = PBXFileReference; lastKnownFileType = folder.assetcatalog; path = Assets.xcassets; sourceTree = "<group>"; };
		DEBE4C6D1F8F808B00FF9C4E /* Base */ = {isa = PBXFileReference; lastKnownFileType = file.storyboard; name = Base; path = Base.lproj/LaunchScreen.storyboard; sourceTree = "<group>"; };
		DEBE4C6F1F8F808B00FF9C4E /* Info.plist */ = {isa = PBXFileReference; lastKnownFileType = text.plist.xml; path = Info.plist; sourceTree = "<group>"; };
/* End PBXFileReference section */

/* Begin PBXFrameworksBuildPhase section */
		DEBE4C5D1F8F808B00FF9C4E /* Frameworks */ = {
			isa = PBXFrameworksBuildPhase;
			buildActionMask = 2147483647;
			files = (
			);
			runOnlyForDeploymentPostprocessing = 0;
		};
/* End PBXFrameworksBuildPhase section */

/* Begin PBXGroup section */
		DEBE4C571F8F808B00FF9C4E = {
			isa = PBXGroup;
			children = (
				DEBE4C621F8F808B00FF9C4E /* Shinycloudy */,
				DEBE4C611F8F808B00FF9C4E /* Products */,
			);
			sourceTree = "<group>";
		};
		DEBE4C611F8F808B00FF9C4E /* Products */ = {
			isa = PBXGroup;
			children = (
				DEBE4C601F8F808B00FF9C4E /* Shinycloudy.app */,
			);
			name = Products;
			sourceTree = "<group>";
		};
		DEBE4C621F8F808B00FF9C4E /* Shinycloudy */ = {
			isa = PBXGroup;
			children = (
				DEBE4C771F8F80E000FF9C4E /* Controller */,
				DEBE4C761F8F80DA00FF9C4E /* View */,
				DEBE4C751F8F80D300FF9C4E /* Model */,
				DEBE4C631F8F808B00FF9C4E /* AppDelegate.swift */,
				DEBE4C6A1F8F808B00FF9C4E /* Assets.xcassets */,
				DEBE4C6C1F8F808B00FF9C4E /* LaunchScreen.storyboard */,
				DEBE4C6F1F8F808B00FF9C4E /* Info.plist */,
			);
			path = Shinycloudy;
			sourceTree = "<group>";
		};
		DEBE4C751F8F80D300FF9C4E /* Model */ = {
			isa = PBXGroup;
			children = (
				DE918BB41F96F99D007652C3 /* Constants.swift */,
				DE918BB61F96FD8A007652C3 /* CurrentWeather.swift */,
			);
			name = Model;
			sourceTree = "<group>";
		};
		DEBE4C761F8F80DA00FF9C4E /* View */ = {
			isa = PBXGroup;
			children = (
				DEBE4C671F8F808B00FF9C4E /* Main.storyboard */,
			);
			name = View;
			sourceTree = "<group>";
		};
		DEBE4C771F8F80E000FF9C4E /* Controller */ = {
			isa = PBXGroup;
			children = (
				DEBE4C651F8F808B00FF9C4E /* WeatherVC.swift */,
			);
			name = Controller;
			sourceTree = "<group>";
		};
/* End PBXGroup section */

/* Begin PBXNativeTarget section */
		DEBE4C5F1F8F808B00FF9C4E /* Shinycloudy */ = {
			isa = PBXNativeTarget;
			buildConfigurationList = DEBE4C721F8F808B00FF9C4E /* Build configuration list for PBXNativeTarget "Shinycloudy" */;
			buildPhases = (
				DEBE4C5C1F8F808B00FF9C4E /* Sources */,
				DEBE4C5D1F8F808B00FF9C4E /* Frameworks */,
				DEBE4C5E1F8F808B00FF9C4E /* Resources */,
			);
			buildRules = (
			);
			dependencies = (
			);
			name = Shinycloudy;
			productName = Shinycloudy;
			productReference = DEBE4C601F8F808B00FF9C4E /* Shinycloudy.app */;
			productType = "com.apple.product-type.application";
		};
/* End PBXNativeTarget section */

/* Begin PBXProject section */
		DEBE4C581F8F808B00FF9C4E /* Project object */ = {
			isa = PBXProject;
			attributes = {
				LastSwiftUpdateCheck = 0730;
				LastUpgradeCheck = 0730;
				ORGANIZATIONNAME = JanielHNY;
				TargetAttributes = {
					DEBE4C5F1F8F808B00FF9C4E = {
						CreatedOnToolsVersion = 7.3;
					};
				};
			};
			buildConfigurationList = DEBE4C5B1F8F808B00FF9C4E /* Build configuration list for PBXProject "Shinycloudy" */;
			compatibilityVersion = "Xcode 3.2";
			developmentRegion = English;
			hasScannedForEncodings = 0;
			knownRegions = (
				en,
				Base,
			);
			mainGroup = DEBE4C571F8F808B00FF9C4E;
			productRefGroup = DEBE4C611F8F808B00FF9C4E /* Products */;
			projectDirPath = "";
			projectRoot = "";
			targets = (
				DEBE4C5F1F8F808B00FF9C4E /* Shinycloudy */,
			);
		};
/* End PBXProject section */

/* Begin PBXResourcesBuildPhase section */
		DEBE4C5E1F8F808B00FF9C4E /* Resources */ = {
			isa = PBXResourcesBuildPhase;
			buildActionMask = 2147483647;
			files = (
				DEBE4C6E1F8F808B00FF9C4E /* LaunchScreen.storyboard in Resources */,
				DEBE4C6B1F8F808B00FF9C4E /* Assets.xcassets in Resources */,
				DEBE4C691F8F808B00FF9C4E /* Main.storyboard in Resources */,
			);
			runOnlyForDeploymentPostprocessing = 0;
		};
/* End PBXResourcesBuildPhase section */

/* Begin PBXSourcesBuildPhase section */
		DEBE4C5C1F8F808B00FF9C4E /* Sources */ = {
			isa = PBXSourcesBuildPhase;
			buildActionMask = 2147483647;
			files = (
				DEBE4C661F8F808B00FF9C4E /* WeatherVC.swift in Sources */,
				DEBE4C641F8F808B00FF9C4E /* AppDelegate.swift in Sources */,
				DE918BB71F96FD8A007652C3 /* CurrentWeather.swift in Sources */,
				DE918BB51F96F99D007652C3 /* Constants.swift in Sources */,
			);
			runOnlyForDeploymentPostprocessing = 0;
		};
/* End PBXSourcesBuildPhase section */

/* Begin PBXVariantGroup section */
		DEBE4C671F8F808B00FF9C4E /* Main.storyboard */ = {
			isa = PBXVariantGroup;
			children = (
				DEBE4C681F8F808B00FF9C4E /* Base */,
			);
			name = Main.storyboard;
			sourceTree = "<group>";
		};
		DEBE4C6C1F8F808B00FF9C4E /* LaunchScreen.storyboard */ = {
			isa = PBXVariantGroup;
			children = (
				DEBE4C6D1F8F808B00FF9C4E /* Base */,
			);
			name = LaunchScreen.storyboard;
			sourceTree = "<group>";
		};
/* End PBXVariantGroup section */

/* Begin XCBuildConfiguration section */
		DEBE4C701F8F808B00FF9C4E /* Debug */ = {
			isa = XCBuildConfiguration;
			buildSettings = {
				ALWAYS_SEARCH_USER_PATHS = NO;
				CLANG_ANALYZER_NONNULL = YES;
				CLANG_CXX_LANGUAGE_STANDARD = "gnu++0x";
				CLANG_CXX_LIBRARY = "libc++";
				CLANG_ENABLE_MODULES = YES;
				CLANG_ENABLE_OBJC_ARC = YES;
				CLANG_WARN_BOOL_CONVERSION = YES;
				CLANG_WARN_CONSTANT_CONVERSION = YES;
				CLANG_WARN_DIRECT_OBJC_ISA_USAGE = YES_ERROR;
				CLANG_WARN_EMPTY_BODY = YES;
				CLANG_WARN_ENUM_CONVERSION = YES;
				CLANG_WARN_INT_CONVERSION = YES;
				CLANG_WARN_OBJC_ROOT_CLASS = YES_ERROR;
				CLANG_WARN_UNREACHABLE_CODE = YES;
				CLANG_WARN__DUPLICATE_METHOD_MATCH = YES;
				"CODE_SIGN_IDENTITY[sdk=iphoneos*]" = "iPhone Developer";
				COPY_PHASE_STRIP = NO;
				DEBUG_INFORMATION_FORMAT = dwarf;
				ENABLE_STRICT_OBJC_MSGSEND = YES;
				ENABLE_TESTABILITY = YES;
				GCC_C_LANGUAGE_STANDARD = gnu99;
				GCC_DYNAMIC_NO_PIC = NO;
				GCC_NO_COMMON_BLOCKS = YES;
				GCC_OPTIMIZATION_LEVEL = 0;
				GCC_PREPROCESSOR_DEFINITIONS = (
					"DEBUG=1",
					"$(inherited)",
				);
				GCC_WARN_64_TO_32_BIT_CONVERSION = YES;
				GCC_WARN_ABOUT_RETURN_TYPE = YES_ERROR;
				GCC_WARN_UNDECLARED_SELECTOR = YES;
				GCC_WARN_UNINITIALIZED_AUTOS = YES_AGGRESSIVE;
				GCC_WARN_UNUSED_FUNCTION = YES;
				GCC_WARN_UNUSED_VARIABLE = YES;
				IPHONEOS_DEPLOYMENT_TARGET = 9.3;
				MTL_ENABLE_DEBUG_INFO = YES;
				ONLY_ACTIVE_ARCH = YES;
				SDKROOT = iphoneos;
				SWIFT_OPTIMIZATION_LEVEL = "-Onone";
			};
			name = Debug;
		};
		DEBE4C711F8F808B00FF9C4E /* Release */ = {
			isa = XCBuildConfiguration;
			buildSettings = {
				ALWAYS_SEARCH_USER_PATHS = NO;
				CLANG_ANALYZER_NONNULL = YES;
				CLANG_CXX_LANGUAGE_STANDARD = "gnu++0x";
				CLANG_CXX_LIBRARY = "libc++";
				CLANG_ENABLE_MODULES = YES;
				CLANG_ENABLE_OBJC_ARC = YES;
				CLANG_WARN_BOOL_CONVERSION = YES;
				CLANG_WARN_CONSTANT_CONVERSION = YES;
				CLANG_WARN_DIRECT_OBJC_ISA_USAGE = YES_ERROR;
				CLANG_WARN_EMPTY_BODY = YES;
				CLANG_WARN_ENUM_CONVERSION = YES;
				CLANG_WARN_INT_CONVERSION = YES;
				CLANG_WARN_OBJC_ROOT_CLASS = YES_ERROR;
				CLANG_WARN_UNREACHABLE_CODE = YES;
				CLANG_WARN__DUPLICATE_METHOD_MATCH = YES;
				"CODE_SIGN_IDENTITY[sdk=iphoneos*]" = "iPhone Developer";
				COPY_PHASE_STRIP = NO;
				DEBUG_INFORMATION_FORMAT = "dwarf-with-dsym";
				ENABLE_NS_ASSERTIONS = NO;
				ENABLE_STRICT_OBJC_MSGSEND = YES;
				GCC_C_LANGUAGE_STANDARD = gnu99;
				GCC_NO_COMMON_BLOCKS = YES;
				GCC_WARN_64_TO_32_BIT_CONVERSION = YES;
				GCC_WARN_ABOUT_RETURN_TYPE = YES_ERROR;
				GCC_WARN_UNDECLARED_SELECTOR = YES;
				GCC_WARN_UNINITIALIZED_AUTOS = YES_AGGRESSIVE;
				GCC_WARN_UNUSED_FUNCTION = YES;
				GCC_WARN_UNUSED_VARIABLE = YES;
				IPHONEOS_DEPLOYMENT_TARGET = 9.3;
				MTL_ENABLE_DEBUG_INFO = NO;
				SDKROOT = iphoneos;
				VALIDATE_PRODUCT = YES;
			};
			name = Release;
		};
		DEBE4C731F8F808B00FF9C4E /* Debug */ = {
			isa = XCBuildConfiguration;
			buildSettings = {
				ASSETCATALOG_COMPILER_APPICON_NAME = AppIcon;
				INFOPLIST_FILE = Shinycloudy/Info.plist;
				LD_RUNPATH_SEARCH_PATHS = "$(inherited) @executable_path/Frameworks";
				PRODUCT_BUNDLE_IDENTIFIER = com.janielh.Shinycloudy;
				PRODUCT_NAME = "$(TARGET_NAME)";
			};
			name = Debug;
		};
		DEBE4C741F8F808B00FF9C4E /* Release */ = {
			isa = XCBuildConfiguration;
			buildSettings = {
				ASSETCATALOG_COMPILER_APPICON_NAME = AppIcon;
				INFOPLIST_FILE = Shinycloudy/Info.plist;
				LD_RUNPATH_SEARCH_PATHS = "$(inherited) @executable_path/Frameworks";
				PRODUCT_BUNDLE_IDENTIFIER = com.janielh.Shinycloudy;
				PRODUCT_NAME = "$(TARGET_NAME)";
			};
			name = Release;
		};
/* End XCBuildConfiguration section */

/* Begin XCConfigurationList section */
		DEBE4C5B1F8F808B00FF9C4E /* Build configuration list for PBXProject "Shinycloudy" */ = {
			isa = XCConfigurationList;
			buildConfigurations = (
				DEBE4C701F8F808B00FF9C4E /* Debug */,
				DEBE4C711F8F808B00FF9C4E /* Release */,
			);
			defaultConfigurationIsVisible = 0;
			defaultConfigurationName = Release;
		};
		DEBE4C721F8F808B00FF9C4E /* Build configuration list for PBXNativeTarget "Shinycloudy" */ = {
			isa = XCConfigurationList;
			buildConfigurations = (
				DEBE4C731F8F808B00FF9C4E /* Debug */,
				DEBE4C741F8F808B00FF9C4E /* Release */,
			);
			defaultConfigurationIsVisible = 0;
			defaultConfigurationName = Release;
		};
/* End XCConfigurationList section */
	};
	rootObject = DEBE4C581F8F808B00FF9C4E /* Project object */;
}
